
Microsoft Visual Studio Solution File, Format Version 12.00
# Visual Studio Version 17
VisualStudioVersion = 17.7.34031.279
MinimumVisualStudioVersion = 10.0.40219.1
Project("{FAE04EC0-301F-11D3-BF4B-00C04F79EFBC}") = "Lab10", "Lab10\Lab10.csproj", "{4A589F09-02D1-43A1-9C5B-F0A568115BCD}"
EndProject
Project("{FAE04EC0-301F-11D3-BF4B-00C04F79EFBC}") = "ClassLibrary1", "ClassLibrary1\ClassLibrary1.csproj", "{7FF67702-2D09-4C06-8974-6A91C2B3E29A}"
EndProject
Global
	GlobalSection(SolutionConfigurationPlatforms) = preSolution
		Debug|Any CPU = Debug|Any CPU
		Release|Any CPU = Release|Any CPU
	EndGlobalSection
	GlobalSection(ProjectConfigurationPlatforms) = postSolution
		{4A589F09-02D1-43A1-9C5B-F0A568115BCD}.Debug|Any CPU.ActiveCfg = Debug|Any CPU
		{4A589F09-02D1-43A1-9C5B-F0A568115BCD}.Debug|Any CPU.Build.0 = Debug|Any CPU
		{4A589F09-02D1-43A1-9C5B-F0A568115BCD}.Release|Any CPU.ActiveCfg = Release|Any CPU
		{4A589F09-02D1-43A1-9C5B-F0A568115BCD}.Release|Any CPU.Build.0 = Release|Any CPU
		{7FF67702-2D09-4C06-8974-6A91C2B3E29A}.Debug|Any CPU.ActiveCfg = Debug|Any CPU
		{7FF67702-2D09-4C06-8974-6A91C2B3E29A}.Debug|Any CPU.Build.0 = Debug|Any CPU
		{7FF67702-2D09-4C06-8974-6A91C2B3E29A}.Release|Any CPU.ActiveCfg = Release|Any CPU
		{7FF67702-2D09-4C06-8974-6A91C2B3E29A}.Release|Any CPU.Build.0 = Release|Any CPU
	EndGlobalSection
	GlobalSection(SolutionProperties) = preSolution
		HideSolutionNode = FALSE
	EndGlobalSection
	GlobalSection(ExtensibilityGlobals) = postSolution
		SolutionGuid = {C3BDF54A-FC49-4152-9F17-EF5B277C4404}
	EndGlobalSection
EndGlobal
